
Microsoft Visual Studio Solution File, Format Version 12.00
# Visual Studio Version 17
VisualStudioVersion = 17.3.32901.215
MinimumVisualStudioVersion = 10.0.40219.1
Project("{FAE04EC0-301F-11D3-BF4B-00C04F79EFBC}") = "RoboApp1", "RoboApp1\RoboApp1.csproj", "{AF5EB3AB-81DE-48E3-B69D-963377796A90}"
EndProject
Project("{2150E333-8FDC-42A3-9474-1A3956D46DE8}") = "src", "src", "{BF32F0B4-9BDD-4E38-868A-3F6D79929CA6}"
EndProject
Project("{2150E333-8FDC-42A3-9474-1A3956D46DE8}") = "1-WebApi", "1-WebApi", "{F508B241-43EA-496D-A15B-1563306BAD96}"
EndProject
Project("{2150E333-8FDC-42A3-9474-1A3956D46DE8}") = "2-Application", "2-Application", "{7533B970-3F9B-4F8D-9FA7-5C320AE2BD99}"
EndProject
Project("{2150E333-8FDC-42A3-9474-1A3956D46DE8}") = "3-Infra", "3-Infra", "{E4322AD4-D473-486A-A2DF-AE2BD1E44E01}"
EndProject
Project("{2150E333-8FDC-42A3-9474-1A3956D46DE8}") = "4-Domain", "4-Domain", "{7B9056E8-3250-47B2-A034-88675CB9C637}"
EndProject
Project("{2150E333-8FDC-42A3-9474-1A3956D46DE8}") = "5-CrossCutting", "5-CrossCutting", "{E2CEEFE3-1476-4942-A996-844E4194BC67}"
EndProject
Project("{FAE04EC0-301F-11D3-BF4B-00C04F79EFBC}") = "CrossCutting", "CrossCutting\CrossCutting.csproj", "{F929DC51-8E7C-4F50-A8AA-D36C48E3F0F9}"
EndProject
Project("{FAE04EC0-301F-11D3-BF4B-00C04F79EFBC}") = "Domain", "Domain\Domain.csproj", "{DD5AF63A-DB5C-4339-B9EE-DDCB8E0EA9E1}"
EndProject
Project("{FAE04EC0-301F-11D3-BF4B-00C04F79EFBC}") = "Infra", "Infra\Infra.csproj", "{B495730B-3592-4134-B2F0-9591B81A3916}"
EndProject
Project("{FAE04EC0-301F-11D3-BF4B-00C04F79EFBC}") = "Application", "Application\Application.csproj", "{9524E9EC-9FF2-4BA0-BB0F-EFDBCA59F1EC}"
EndProject
Project("{FAE04EC0-301F-11D3-BF4B-00C04F79EFBC}") = "ConsoleApp1", "ConsoleApp1\ConsoleApp1.csproj", "{651193A9-99A0-422A-811B-2F2A424ED951}"
EndProject
Project("{FAE04EC0-301F-11D3-BF4B-00C04F79EFBC}") = "DomainTests", "DomainTests\DomainTests.csproj", "{9C9D0B69-5B2F-4D79-B325-66A55FA58DBC}"
EndProject
Global
	GlobalSection(SolutionConfigurationPlatforms) = preSolution
		Debug|Any CPU = Debug|Any CPU
		Release|Any CPU = Release|Any CPU
	EndGlobalSection
	GlobalSection(ProjectConfigurationPlatforms) = postSolution
		{AF5EB3AB-81DE-48E3-B69D-963377796A90}.Debug|Any CPU.ActiveCfg = Debug|Any CPU
		{AF5EB3AB-81DE-48E3-B69D-963377796A90}.Debug|Any CPU.Build.0 = Debug|Any CPU
		{AF5EB3AB-81DE-48E3-B69D-963377796A90}.Release|Any CPU.ActiveCfg = Release|Any CPU
		{AF5EB3AB-81DE-48E3-B69D-963377796A90}.Release|Any CPU.Build.0 = Release|Any CPU
		{F929DC51-8E7C-4F50-A8AA-D36C48E3F0F9}.Debug|Any CPU.ActiveCfg = Debug|Any CPU
		{F929DC51-8E7C-4F50-A8AA-D36C48E3F0F9}.Debug|Any CPU.Build.0 = Debug|Any CPU
		{F929DC51-8E7C-4F50-A8AA-D36C48E3F0F9}.Release|Any CPU.ActiveCfg = Release|Any CPU
		{F929DC51-8E7C-4F50-A8AA-D36C48E3F0F9}.Release|Any CPU.Build.0 = Release|Any CPU
		{DD5AF63A-DB5C-4339-B9EE-DDCB8E0EA9E1}.Debug|Any CPU.ActiveCfg = Debug|Any CPU
		{DD5AF63A-DB5C-4339-B9EE-DDCB8E0EA9E1}.Debug|Any CPU.Build.0 = Debug|Any CPU
		{DD5AF63A-DB5C-4339-B9EE-DDCB8E0EA9E1}.Release|Any CPU.ActiveCfg = Release|Any CPU
		{DD5AF63A-DB5C-4339-B9EE-DDCB8E0EA9E1}.Release|Any CPU.Build.0 = Release|Any CPU
		{B495730B-3592-4134-B2F0-9591B81A3916}.Debug|Any CPU.ActiveCfg = Debug|Any CPU
		{B495730B-3592-4134-B2F0-9591B81A3916}.Debug|Any CPU.Build.0 = Debug|Any CPU
		{B495730B-3592-4134-B2F0-9591B81A3916}.Release|Any CPU.ActiveCfg = Release|Any CPU
		{B495730B-3592-4134-B2F0-9591B81A3916}.Release|Any CPU.Build.0 = Release|Any CPU
		{9524E9EC-9FF2-4BA0-BB0F-EFDBCA59F1EC}.Debug|Any CPU.ActiveCfg = Debug|Any CPU
		{9524E9EC-9FF2-4BA0-BB0F-EFDBCA59F1EC}.Debug|Any CPU.Build.0 = Debug|Any CPU
		{9524E9EC-9FF2-4BA0-BB0F-EFDBCA59F1EC}.Release|Any CPU.ActiveCfg = Release|Any CPU
		{9524E9EC-9FF2-4BA0-BB0F-EFDBCA59F1EC}.Release|Any CPU.Build.0 = Release|Any CPU
		{651193A9-99A0-422A-811B-2F2A424ED951}.Debug|Any CPU.ActiveCfg = Debug|Any CPU
		{651193A9-99A0-422A-811B-2F2A424ED951}.Debug|Any CPU.Build.0 = Debug|Any CPU
		{651193A9-99A0-422A-811B-2F2A424ED951}.Release|Any CPU.ActiveCfg = Release|Any CPU
		{651193A9-99A0-422A-811B-2F2A424ED951}.Release|Any CPU.Build.0 = Release|Any CPU
		{9C9D0B69-5B2F-4D79-B325-66A55FA58DBC}.Debug|Any CPU.ActiveCfg = Debug|Any CPU
		{9C9D0B69-5B2F-4D79-B325-66A55FA58DBC}.Debug|Any CPU.Build.0 = Debug|Any CPU
		{9C9D0B69-5B2F-4D79-B325-66A55FA58DBC}.Release|Any CPU.ActiveCfg = Release|Any CPU
		{9C9D0B69-5B2F-4D79-B325-66A55FA58DBC}.Release|Any CPU.Build.0 = Release|Any CPU
	EndGlobalSection
	GlobalSection(SolutionProperties) = preSolution
		HideSolutionNode = FALSE
	EndGlobalSection
	GlobalSection(NestedProjects) = preSolution
		{AF5EB3AB-81DE-48E3-B69D-963377796A90} = {F508B241-43EA-496D-A15B-1563306BAD96}
		{F508B241-43EA-496D-A15B-1563306BAD96} = {BF32F0B4-9BDD-4E38-868A-3F6D79929CA6}
		{7533B970-3F9B-4F8D-9FA7-5C320AE2BD99} = {BF32F0B4-9BDD-4E38-868A-3F6D79929CA6}
		{E4322AD4-D473-486A-A2DF-AE2BD1E44E01} = {BF32F0B4-9BDD-4E38-868A-3F6D79929CA6}
		{7B9056E8-3250-47B2-A034-88675CB9C637} = {BF32F0B4-9BDD-4E38-868A-3F6D79929CA6}
		{E2CEEFE3-1476-4942-A996-844E4194BC67} = {BF32F0B4-9BDD-4E38-868A-3F6D79929CA6}
		{F929DC51-8E7C-4F50-A8AA-D36C48E3F0F9} = {E2CEEFE3-1476-4942-A996-844E4194BC67}
		{DD5AF63A-DB5C-4339-B9EE-DDCB8E0EA9E1} = {7B9056E8-3250-47B2-A034-88675CB9C637}
		{B495730B-3592-4134-B2F0-9591B81A3916} = {E4322AD4-D473-486A-A2DF-AE2BD1E44E01}
		{9524E9EC-9FF2-4BA0-BB0F-EFDBCA59F1EC} = {7533B970-3F9B-4F8D-9FA7-5C320AE2BD99}
		{651193A9-99A0-422A-811B-2F2A424ED951} = {BF32F0B4-9BDD-4E38-868A-3F6D79929CA6}
		{9C9D0B69-5B2F-4D79-B325-66A55FA58DBC} = {7B9056E8-3250-47B2-A034-88675CB9C637}
	EndGlobalSection
	GlobalSection(ExtensibilityGlobals) = postSolution
		SolutionGuid = {15CD65F2-73B1-458E-BED8-EF2F6F4C88AD}
	EndGlobalSection
EndGlobal
